
Microsoft Visual Studio Solution File, Format Version 12.00
# Visual Studio 15
VisualStudioVersion = 15.0.27703.2035
MinimumVisualStudioVersion = 10.0.40219.1
Project("{FAE04EC0-301F-11D3-BF4B-00C04F79EFBC}") = "Tower Defense Knock-Off", "Tower Defense Knock-Off\Tower Defense Knock-Off.csproj", "{E9D59706-5379-4495-B406-CB4E876CC0DF}"
EndProject
Global
	GlobalSection(SolutionConfigurationPlatforms) = preSolution
		Debug|Any CPU = Debug|Any CPU
		Release|Any CPU = Release|Any CPU
	EndGlobalSection
	GlobalSection(ProjectConfigurationPlatforms) = postSolution
		{E9D59706-5379-4495-B406-CB4E876CC0DF}.Debug|Any CPU.ActiveCfg = Debug|Any CPU
		{E9D59706-5379-4495-B406-CB4E876CC0DF}.Debug|Any CPU.Build.0 = Debug|Any CPU
		{E9D59706-5379-4495-B406-CB4E876CC0DF}.Release|Any CPU.ActiveCfg = Release|Any CPU
		{E9D59706-5379-4495-B406-CB4E876CC0DF}.Release|Any CPU.Build.0 = Release|Any CPU
	EndGlobalSection
	GlobalSection(SolutionProperties) = preSolution
		HideSolutionNode = FALSE
	EndGlobalSection
	GlobalSection(ExtensibilityGlobals) = postSolution
		SolutionGuid = {7BFC1752-11BB-4ED7-B0D1-CAEF294BB5E3}
	EndGlobalSection
EndGlobal
